
Microsoft Visual Studio Solution File, Format Version 12.00
# Visual Studio Version 17
VisualStudioVersion = 17.4.33205.214
MinimumVisualStudioVersion = 10.0.40219.1
Project("{FAE04EC0-301F-11D3-BF4B-00C04F79EFBC}") = "CrackMe", "CrackMe\CrackMe.csproj", "{BE7240A0-73CD-48D2-AABA-3484C26AF4AB}"
EndProject
Global
	GlobalSection(SolutionConfigurationPlatforms) = preSolution
		Debug|Any CPU = Debug|Any CPU
		Release|Any CPU = Release|Any CPU
	EndGlobalSection
	GlobalSection(ProjectConfigurationPlatforms) = postSolution
		{BE7240A0-73CD-48D2-AABA-3484C26AF4AB}.Debug|Any CPU.ActiveCfg = Debug|Any CPU
		{BE7240A0-73CD-48D2-AABA-3484C26AF4AB}.Debug|Any CPU.Build.0 = Debug|Any CPU
		{BE7240A0-73CD-48D2-AABA-3484C26AF4AB}.Release|Any CPU.ActiveCfg = Release|Any CPU
		{BE7240A0-73CD-48D2-AABA-3484C26AF4AB}.Release|Any CPU.Build.0 = Release|Any CPU
	EndGlobalSection
	GlobalSection(SolutionProperties) = preSolution
		HideSolutionNode = FALSE
	EndGlobalSection
	GlobalSection(ExtensibilityGlobals) = postSolution
		SolutionGuid = {78DE8F50-A374-4CD0-B420-946C1DCF16F3}
	EndGlobalSection
EndGlobal
